
Microsoft Visual Studio Solution File, Format Version 12.00
# Visual Studio Version 17
VisualStudioVersion = 17.8.34316.72
MinimumVisualStudioVersion = 10.0.40219.1
Project("{2150E333-8FDC-42A3-9474-1A3956D46DE8}") = "src", "src", "{A2DABA22-4EFF-466E-99B8-68AB4F242D65}"
EndProject
Project("{2150E333-8FDC-42A3-9474-1A3956D46DE8}") = "ClientApps", "ClientApps", "{016EC666-BF9D-4CF9-A6E8-7A747C4149DA}"
EndProject
Project("{2150E333-8FDC-42A3-9474-1A3956D46DE8}") = "Server", "Server", "{976E755F-8CD8-45DA-9E3B-764465F61305}"
EndProject
Project("{9A19103F-16F7-4668-BE54-9A1E7A4F7556}") = "Server.API", "src\Server\Server.API\Server.API.csproj", "{97197E54-ED3A-4323-AE00-907018839160}"
EndProject
Project("{9A19103F-16F7-4668-BE54-9A1E7A4F7556}") = "ClientApps.MAUI", "src\ClientApps\ClientApps.MAUI\ClientApps.MAUI.csproj", "{25D193D1-7AF8-4A68-9E33-A418EEFF2ADD}"
EndProject
Project("{9A19103F-16F7-4668-BE54-9A1E7A4F7556}") = "ClientApps.WASM", "src\ClientApps\ClientApps.WASM\ClientApps.WASM.csproj", "{155FBBD7-7292-43AB-97E1-B6A89A7CB67F}"
EndProject
Project("{FAE04EC0-301F-11D3-BF4B-00C04F79EFBC}") = "ClientApps.Core", "src\ClientApps\ClientApps.Core\ClientApps.Core.csproj", "{0D90953D-D4BD-49DD-9737-E3B65C511347}"
EndProject
Project("{FAE04EC0-301F-11D3-BF4B-00C04F79EFBC}") = "ClientApps.Core.Web", "src\ClientApps\ClientApps.Core.Web\ClientApps.Core.Web.csproj", "{D1F0CF8F-4594-4C77-986F-EFF694B8DBAF}"
EndProject
Project("{FAE04EC0-301F-11D3-BF4B-00C04F79EFBC}") = "ClientApps.Core.MAUI", "src\ClientApps\ClientApps.Core.MAUI\ClientApps.Core.MAUI.csproj", "{80A79A2E-09BD-452C-AEDF-5ECC8A2DDBE7}"
EndProject
Global
	GlobalSection(SolutionConfigurationPlatforms) = preSolution
		Debug|Any CPU = Debug|Any CPU
		Release|Any CPU = Release|Any CPU
	EndGlobalSection
	GlobalSection(ProjectConfigurationPlatforms) = postSolution
		{97197E54-ED3A-4323-AE00-907018839160}.Debug|Any CPU.ActiveCfg = Debug|Any CPU
		{97197E54-ED3A-4323-AE00-907018839160}.Debug|Any CPU.Build.0 = Debug|Any CPU
		{97197E54-ED3A-4323-AE00-907018839160}.Release|Any CPU.ActiveCfg = Release|Any CPU
		{97197E54-ED3A-4323-AE00-907018839160}.Release|Any CPU.Build.0 = Release|Any CPU
		{25D193D1-7AF8-4A68-9E33-A418EEFF2ADD}.Debug|Any CPU.ActiveCfg = Debug|Any CPU
		{25D193D1-7AF8-4A68-9E33-A418EEFF2ADD}.Debug|Any CPU.Build.0 = Debug|Any CPU
		{25D193D1-7AF8-4A68-9E33-A418EEFF2ADD}.Debug|Any CPU.Deploy.0 = Debug|Any CPU
		{25D193D1-7AF8-4A68-9E33-A418EEFF2ADD}.Release|Any CPU.ActiveCfg = Release|Any CPU
		{25D193D1-7AF8-4A68-9E33-A418EEFF2ADD}.Release|Any CPU.Build.0 = Release|Any CPU
		{25D193D1-7AF8-4A68-9E33-A418EEFF2ADD}.Release|Any CPU.Deploy.0 = Release|Any CPU
		{155FBBD7-7292-43AB-97E1-B6A89A7CB67F}.Debug|Any CPU.ActiveCfg = Debug|Any CPU
		{155FBBD7-7292-43AB-97E1-B6A89A7CB67F}.Debug|Any CPU.Build.0 = Debug|Any CPU
		{155FBBD7-7292-43AB-97E1-B6A89A7CB67F}.Release|Any CPU.ActiveCfg = Release|Any CPU
		{155FBBD7-7292-43AB-97E1-B6A89A7CB67F}.Release|Any CPU.Build.0 = Release|Any CPU
		{0D90953D-D4BD-49DD-9737-E3B65C511347}.Debug|Any CPU.ActiveCfg = Debug|Any CPU
		{0D90953D-D4BD-49DD-9737-E3B65C511347}.Debug|Any CPU.Build.0 = Debug|Any CPU
		{0D90953D-D4BD-49DD-9737-E3B65C511347}.Release|Any CPU.ActiveCfg = Release|Any CPU
		{0D90953D-D4BD-49DD-9737-E3B65C511347}.Release|Any CPU.Build.0 = Release|Any CPU
		{D1F0CF8F-4594-4C77-986F-EFF694B8DBAF}.Debug|Any CPU.ActiveCfg = Debug|Any CPU
		{D1F0CF8F-4594-4C77-986F-EFF694B8DBAF}.Debug|Any CPU.Build.0 = Debug|Any CPU
		{D1F0CF8F-4594-4C77-986F-EFF694B8DBAF}.Release|Any CPU.ActiveCfg = Release|Any CPU
		{D1F0CF8F-4594-4C77-986F-EFF694B8DBAF}.Release|Any CPU.Build.0 = Release|Any CPU
		{80A79A2E-09BD-452C-AEDF-5ECC8A2DDBE7}.Debug|Any CPU.ActiveCfg = Debug|Any CPU
		{80A79A2E-09BD-452C-AEDF-5ECC8A2DDBE7}.Debug|Any CPU.Build.0 = Debug|Any CPU
		{80A79A2E-09BD-452C-AEDF-5ECC8A2DDBE7}.Release|Any CPU.ActiveCfg = Release|Any CPU
		{80A79A2E-09BD-452C-AEDF-5ECC8A2DDBE7}.Release|Any CPU.Build.0 = Release|Any CPU
	EndGlobalSection
	GlobalSection(SolutionProperties) = preSolution
		HideSolutionNode = FALSE
	EndGlobalSection
	GlobalSection(NestedProjects) = preSolution
		{016EC666-BF9D-4CF9-A6E8-7A747C4149DA} = {A2DABA22-4EFF-466E-99B8-68AB4F242D65}
		{976E755F-8CD8-45DA-9E3B-764465F61305} = {A2DABA22-4EFF-466E-99B8-68AB4F242D65}
		{97197E54-ED3A-4323-AE00-907018839160} = {976E755F-8CD8-45DA-9E3B-764465F61305}
		{25D193D1-7AF8-4A68-9E33-A418EEFF2ADD} = {016EC666-BF9D-4CF9-A6E8-7A747C4149DA}
		{155FBBD7-7292-43AB-97E1-B6A89A7CB67F} = {016EC666-BF9D-4CF9-A6E8-7A747C4149DA}
		{0D90953D-D4BD-49DD-9737-E3B65C511347} = {016EC666-BF9D-4CF9-A6E8-7A747C4149DA}
		{D1F0CF8F-4594-4C77-986F-EFF694B8DBAF} = {016EC666-BF9D-4CF9-A6E8-7A747C4149DA}
		{80A79A2E-09BD-452C-AEDF-5ECC8A2DDBE7} = {016EC666-BF9D-4CF9-A6E8-7A747C4149DA}
	EndGlobalSection
	GlobalSection(ExtensibilityGlobals) = postSolution
		SolutionGuid = {DDB40A49-F575-4996-B72A-1786E624FAAA}
	EndGlobalSection
EndGlobal
